
Microsoft Visual Studio Solution File, Format Version 12.00
# Visual Studio 15
VisualStudioVersion = 15.0.26228.4
MinimumVisualStudioVersion = 10.0.40219.1
Project("{FAE04EC0-301F-11D3-BF4B-00C04F79EFBC}") = "POTrackingV2", "POTrackingV2\POTrackingV2.csproj", "{B4F7BF7C-D97F-43FD-AFDC-BD725B452D37}"
EndProject
Global
	GlobalSection(SolutionConfigurationPlatforms) = preSolution
		Debug|Any CPU = Debug|Any CPU
		Release|Any CPU = Release|Any CPU
	EndGlobalSection
	GlobalSection(ProjectConfigurationPlatforms) = postSolution
		{B4F7BF7C-D97F-43FD-AFDC-BD725B452D37}.Debug|Any CPU.ActiveCfg = Debug|Any CPU
		{B4F7BF7C-D97F-43FD-AFDC-BD725B452D37}.Debug|Any CPU.Build.0 = Debug|Any CPU
		{B4F7BF7C-D97F-43FD-AFDC-BD725B452D37}.Release|Any CPU.ActiveCfg = Release|Any CPU
		{B4F7BF7C-D97F-43FD-AFDC-BD725B452D37}.Release|Any CPU.Build.0 = Release|Any CPU
	EndGlobalSection
	GlobalSection(SolutionProperties) = preSolution
		HideSolutionNode = FALSE
	EndGlobalSection
	GlobalSection(ExtensibilityGlobals) = postSolution
		SolutionGuid = {DBA941B7-2351-4B4A-9DB0-5CEDFEF23EF3}
	EndGlobalSection
EndGlobal
